
Microsoft Visual Studio Solution File, Format Version 12.00
# Visual Studio Version 17
VisualStudioVersion = 17.4.33403.182
MinimumVisualStudioVersion = 10.0.40219.1
Project("{FAE04EC0-301F-11D3-BF4B-00C04F79EFBC}") = "TextAnalis", "TextAnalis\TextAnalis.csproj", "{697AAC21-418A-4ACE-A14C-D61448B6FC52}"
EndProject
Global
	GlobalSection(SolutionConfigurationPlatforms) = preSolution
		Debug|Any CPU = Debug|Any CPU
		Release|Any CPU = Release|Any CPU
	EndGlobalSection
	GlobalSection(ProjectConfigurationPlatforms) = postSolution
		{697AAC21-418A-4ACE-A14C-D61448B6FC52}.Debug|Any CPU.ActiveCfg = Debug|Any CPU
		{697AAC21-418A-4ACE-A14C-D61448B6FC52}.Debug|Any CPU.Build.0 = Debug|Any CPU
		{697AAC21-418A-4ACE-A14C-D61448B6FC52}.Release|Any CPU.ActiveCfg = Release|Any CPU
		{697AAC21-418A-4ACE-A14C-D61448B6FC52}.Release|Any CPU.Build.0 = Release|Any CPU
	EndGlobalSection
	GlobalSection(SolutionProperties) = preSolution
		HideSolutionNode = FALSE
	EndGlobalSection
	GlobalSection(ExtensibilityGlobals) = postSolution
		SolutionGuid = {D1BD86D2-91C3-4FA6-9235-2EFD5022AFC2}
	EndGlobalSection
EndGlobal
