
Microsoft Visual Studio Solution File, Format Version 12.00
# Visual Studio Version 17
VisualStudioVersion = 17.1.32210.238
MinimumVisualStudioVersion = 10.0.40219.1
Project("{FAE04EC0-301F-11D3-BF4B-00C04F79EFBC}") = "EventManager", "EventManager\EventManager.csproj", "{B59FB087-F021-49A3-A915-AE4C3C0FD921}"
EndProject
Global
	GlobalSection(SolutionConfigurationPlatforms) = preSolution
		Debug|Any CPU = Debug|Any CPU
		Release|Any CPU = Release|Any CPU
	EndGlobalSection
	GlobalSection(ProjectConfigurationPlatforms) = postSolution
		{B59FB087-F021-49A3-A915-AE4C3C0FD921}.Debug|Any CPU.ActiveCfg = Debug|Any CPU
		{B59FB087-F021-49A3-A915-AE4C3C0FD921}.Debug|Any CPU.Build.0 = Debug|Any CPU
		{B59FB087-F021-49A3-A915-AE4C3C0FD921}.Release|Any CPU.ActiveCfg = Release|Any CPU
		{B59FB087-F021-49A3-A915-AE4C3C0FD921}.Release|Any CPU.Build.0 = Release|Any CPU
	EndGlobalSection
	GlobalSection(SolutionProperties) = preSolution
		HideSolutionNode = FALSE
	EndGlobalSection
	GlobalSection(ExtensibilityGlobals) = postSolution
		SolutionGuid = {474D32F8-3E98-4C13-BEF1-3BC80FC03AA1}
	EndGlobalSection
EndGlobal
