
Microsoft Visual Studio Solution File, Format Version 12.00
# Visual Studio Version 17
VisualStudioVersion = 17.7.34031.279
MinimumVisualStudioVersion = 10.0.40219.1
Project("{FAE04EC0-301F-11D3-BF4B-00C04F79EFBC}") = "GoogleMaps", "GoogleMaps\GoogleMaps.csproj", "{A1AA201F-1F13-4FD6-AE64-A336D86BCB3A}"
EndProject
Global
	GlobalSection(SolutionConfigurationPlatforms) = preSolution
		Debug|Any CPU = Debug|Any CPU
		Release|Any CPU = Release|Any CPU
	EndGlobalSection
	GlobalSection(ProjectConfigurationPlatforms) = postSolution
		{A1AA201F-1F13-4FD6-AE64-A336D86BCB3A}.Debug|Any CPU.ActiveCfg = Debug|Any CPU
		{A1AA201F-1F13-4FD6-AE64-A336D86BCB3A}.Debug|Any CPU.Build.0 = Debug|Any CPU
		{A1AA201F-1F13-4FD6-AE64-A336D86BCB3A}.Release|Any CPU.ActiveCfg = Release|Any CPU
		{A1AA201F-1F13-4FD6-AE64-A336D86BCB3A}.Release|Any CPU.Build.0 = Release|Any CPU
	EndGlobalSection
	GlobalSection(SolutionProperties) = preSolution
		HideSolutionNode = FALSE
	EndGlobalSection
	GlobalSection(ExtensibilityGlobals) = postSolution
		SolutionGuid = {DC860FE1-1D44-4C47-B6AB-82F209CEEED9}
	EndGlobalSection
EndGlobal
